
Microsoft Visual Studio Solution File, Format Version 12.00
# Visual Studio 2012
Project("{FAE04EC0-301F-11D3-BF4B-00C04F79EFBC}") = "MeuPonto.Common", "MeuPonto.Common\MeuPonto.Common.csproj", "{783275FF-DF41-42E4-9D46-E9C05A6CFAAC}"
EndProject
Project("{FAE04EC0-301F-11D3-BF4B-00C04F79EFBC}") = "MeuPontoWP7", "MeuPontoWP7\MeuPontoWP7.csproj", "{C81E9117-03DE-459A-B9C3-1D5186FAE225}"
EndProject
Project("{FAE04EC0-301F-11D3-BF4B-00C04F79EFBC}") = "MeuPontoWP7.Schedule", "MeuPontoWP7.Schedule\MeuPontoWP7.Schedule.csproj", "{B6E14DFA-1F10-461D-A3EC-7649FEF84B5E}"
EndProject
Project("{2150E333-8FDC-42A3-9474-1A3956D46DE8}") = ".nuget", ".nuget", "{E040A056-194D-41B8-993B-27AB5CF5BF18}"
	ProjectSection(SolutionItems) = preProject
		.nuget\NuGet.Config = .nuget\NuGet.Config
		.nuget\NuGet.exe = .nuget\NuGet.exe
		.nuget\NuGet.targets = .nuget\NuGet.targets
	EndProjectSection
EndProject
Global
	GlobalSection(SolutionConfigurationPlatforms) = preSolution
		Debug|Any CPU = Debug|Any CPU
		Debug|ARM = Debug|ARM
		Debug|x86 = Debug|x86
		Release|Any CPU = Release|Any CPU
		Release|ARM = Release|ARM
		Release|x86 = Release|x86
	EndGlobalSection
	GlobalSection(ProjectConfigurationPlatforms) = postSolution
		{783275FF-DF41-42E4-9D46-E9C05A6CFAAC}.Debug|Any CPU.ActiveCfg = Debug|Any CPU
		{783275FF-DF41-42E4-9D46-E9C05A6CFAAC}.Debug|Any CPU.Build.0 = Debug|Any CPU
		{783275FF-DF41-42E4-9D46-E9C05A6CFAAC}.Debug|ARM.ActiveCfg = Debug|Any CPU
		{783275FF-DF41-42E4-9D46-E9C05A6CFAAC}.Debug|x86.ActiveCfg = Debug|Any CPU
		{783275FF-DF41-42E4-9D46-E9C05A6CFAAC}.Release|Any CPU.ActiveCfg = Release|Any CPU
		{783275FF-DF41-42E4-9D46-E9C05A6CFAAC}.Release|Any CPU.Build.0 = Release|Any CPU
		{783275FF-DF41-42E4-9D46-E9C05A6CFAAC}.Release|ARM.ActiveCfg = Release|Any CPU
		{783275FF-DF41-42E4-9D46-E9C05A6CFAAC}.Release|x86.ActiveCfg = Release|Any CPU
		{C81E9117-03DE-459A-B9C3-1D5186FAE225}.Debug|Any CPU.ActiveCfg = Debug|Any CPU
		{C81E9117-03DE-459A-B9C3-1D5186FAE225}.Debug|Any CPU.Build.0 = Debug|Any CPU
		{C81E9117-03DE-459A-B9C3-1D5186FAE225}.Debug|Any CPU.Deploy.0 = Debug|Any CPU
		{C81E9117-03DE-459A-B9C3-1D5186FAE225}.Debug|ARM.ActiveCfg = Debug|Any CPU
		{C81E9117-03DE-459A-B9C3-1D5186FAE225}.Debug|x86.ActiveCfg = Debug|Any CPU
		{C81E9117-03DE-459A-B9C3-1D5186FAE225}.Release|Any CPU.ActiveCfg = Release|Any CPU
		{C81E9117-03DE-459A-B9C3-1D5186FAE225}.Release|Any CPU.Build.0 = Release|Any CPU
		{C81E9117-03DE-459A-B9C3-1D5186FAE225}.Release|Any CPU.Deploy.0 = Release|Any CPU
		{C81E9117-03DE-459A-B9C3-1D5186FAE225}.Release|ARM.ActiveCfg = Release|Any CPU
		{C81E9117-03DE-459A-B9C3-1D5186FAE225}.Release|x86.ActiveCfg = Release|Any CPU
		{B6E14DFA-1F10-461D-A3EC-7649FEF84B5E}.Debug|Any CPU.ActiveCfg = Debug|Any CPU
		{B6E14DFA-1F10-461D-A3EC-7649FEF84B5E}.Debug|Any CPU.Build.0 = Debug|Any CPU
		{B6E14DFA-1F10-461D-A3EC-7649FEF84B5E}.Debug|ARM.ActiveCfg = Debug|Any CPU
		{B6E14DFA-1F10-461D-A3EC-7649FEF84B5E}.Debug|x86.ActiveCfg = Debug|Any CPU
		{B6E14DFA-1F10-461D-A3EC-7649FEF84B5E}.Release|Any CPU.ActiveCfg = Release|Any CPU
		{B6E14DFA-1F10-461D-A3EC-7649FEF84B5E}.Release|Any CPU.Build.0 = Release|Any CPU
		{B6E14DFA-1F10-461D-A3EC-7649FEF84B5E}.Release|ARM.ActiveCfg = Release|Any CPU
		{B6E14DFA-1F10-461D-A3EC-7649FEF84B5E}.Release|x86.ActiveCfg = Release|Any CPU
	EndGlobalSection
	GlobalSection(SolutionProperties) = preSolution
		HideSolutionNode = FALSE
	EndGlobalSection
EndGlobal
